lockfileVersion: '9.0'

settings:
  autoInstallPeers: true
  excludeLinksFromLockfile: false

importers:

  .:
    dependencies:
      '@magicvr/schema-ui-lib':
        specifier: 0.1.9
        version: 0.1.9
      '@magicvr/schema-ui-protocol':
        specifier: 0.2.11
        version: 0.2.11
      '@magicvr/schema-ui-renderer':
        specifier: 0.3.7
        version: 0.3.7
      '@magicvr/schema-ui-shell':
        specifier: 0.1.2
        version: 0.1.2(react-dom@19.2.8(react@19.2.8))(react@19.2.8)
      '@magicvr/schema-ui-theme':
        specifier: 0.1.2
        version: 0.1.2
      '@magicvr/schema-ui-ui':
        specifier: 0.1.7
        version: 0.1.7(react@19.2.8)
      react:
        specifier: ^19.2.0
        version: 19.2.8
      react-dom:
        specifier: ^19.2.0
        version: 19.2.8(react@19.2.8)

packages:

  '@magicvr/schema-ui-lib@0.1.9':
    resolution: {integrity: sha512-ooNN2oRk5xygbftV3WzXG2xkOo3lxYWNBNghF1K2kp+719zrqN64iwUvLY9KxFSOoq9XKZUmNi4q0Lu1OAcRKw==}

  '@magicvr/schema-ui-protocol@0.2.11':
    resolution: {integrity: sha512-ac4DHz0CUGtz2JxGqxRB1lHOJHXRzO378vqMKeB3Ur16d3Z/mRSE3FGlx5S60qsy5+1kZ7ZlKimRCEJ8LvribQ==}

  '@magicvr/schema-ui-renderer@0.3.7':
    resolution: {integrity: sha512-dZds/k289jPwFiU2nOEZ9WE2t9kAiGkcizAsw9V3g++HE5TZ5Mf372Oa/mrCXdfCTRAO/INHW7+vrs2ho+fT5Q==}

  '@magicvr/schema-ui-shell@0.1.2':
    resolution: {integrity: sha512-KBWze0G7jtPtBgnDlEwky839BTNg55D2E6Eoe/W0pPduz3JVDyD8ZYsGLNUw8qCL/OIluCF0sQpJ0tEX2IroHA==}
    peerDependencies:
      react: ^19.0.0
      react-dom: ^19.0.0

  '@magicvr/schema-ui-theme@0.1.2':
    resolution: {integrity: sha512-Wxh8Q+fDnXKeVCF7QTiaH1QW9D6u4bUmkoIZPapKqFTfJVBQDVUkO7eAf4whea5wXiD5l2o6QNQ3ro+jg9HPyQ==}

  '@magicvr/schema-ui-ui@0.1.7':
    resolution: {integrity: sha512-tTDW+VwXrkOjeglAghSFBiPG4juO0B36j32rknw3g0hrxW28U3GQbu8pesOQwnPh7/uh9qPp1u7gIoU9ERZxZQ==}

  '@radix-ui/react-compose-refs@1.1.5':
    resolution: {integrity: sha512-+48PbAAbq3didjJxa+OaWY2ZwgAKsNiRGyeHKszblZMQ+kcpd9pAaT11cMkGEie0vsOi3QdeTE6d5Fe3Gn61kA==}
    peerDependencies:
      '@types/react': '*'
      react: ^16.8 || ^17.0 || ^18.0 || ^19.0 || ^19.0.0-rc
    peerDependenciesMeta:
      '@types/react':
        optional: true

  '@radix-ui/react-slot@1.3.3':
    resolution: {integrity: sha512-qx7oqnYbxnK9kYI9m317qmFmEgo6ywqWvbTogdj7cL9p3/yx4M48p7Rnw5z3H890cL/ow/EeWJsuTykeZVXP5Q==}
    peerDependencies:
      '@types/react': '*'
      react: ^16.8 || ^17.0 || ^18.0 || ^19.0 || ^19.0.0-rc
    peerDependenciesMeta:
      '@types/react':
        optional: true

  ajv@8.20.0:
    resolution: {integrity: sha512-Thbli+OlOj+iMPYFBVBfJ3OmCAnaSyNn4M1vz9T6Gka5Jt9ba/HIR56joy65tY6kx/FCF5VXNB819Y7/GUrBGA==}

  class-variance-authority@0.7.1:
    resolution: {integrity: sha512-Ka+9Trutv7G8M6WT6SeiRWz792K5qEqIGEGzXKhAE6xOWAY6pPH8U+9IY3oCMv6kqTmLsv7Xh/2w2RigkePMsg==}

  clsx@2.1.1:
    resolution: {integrity: sha512-eYm0QWBtUrBWZWG0d386OGAw16Z995PiOVo2B7bjWSbHedGl5e0ZWaq65kOGgUSNesEIDkB9ISbTg/JK9dhCZA==}
    engines: {node: '>=6'}

  fast-deep-equal@3.1.3:
    resolution: {integrity: sha512-f3qQ9oQy9j2AhBe/H9VC91wLmKBCCU/gDOnKNAYG5hswO7BLKj09Hc5HYNz9cGI++xlpDCIgDaitVs03ATR84Q==}

  fast-uri@3.1.6:
    resolution: {integrity: sha512-7Ical1vFEMr0onbVzEDIreM22I4khW+fzyQPwvAFWBp1iwdshSZRsL4jjRvPG9JP1uiqMHRto+YU6R2/CzDz5Q==}

  json-schema-traverse@1.0.0:
    resolution: {integrity: sha512-NM8/P9n3XjXhIZn1lLhkFaACTOURQXjWhV4BA/RnOv8xvgqtqpAX9IO4mRQxSx1Rlo4tqzeqb0sOlruaOy3dug==}

  lucide-react@0.525.0:
    resolution: {integrity: sha512-Tm1txJ2OkymCGkvwoHt33Y2JpN5xucVq1slHcgE6Lk0WjDfjgKWor5CdVER8U6DvcfMwh4M8XxmpTiyzfmfDYQ==}
    peerDependencies:
      react: ^16.5.1 || ^17.0.0 || ^18.0.0 || ^19.0.0

  react-dom@19.2.8:
    resolution: {integrity: sha512-rVprimfGBG3DR+Tq0IQG2DT5PxKth1WIGDmj5yPmlzr4YBe7uyE+Du4oVqTDXZSHGGGXRtTJEGSSePyQCMBglQ==}
    peerDependencies:
      react: ^19.2.8

  react@19.2.8:
    resolution: {integrity: sha512-PWaYA1L/q9u2u7xYQi+Y3L3Yfnie7XyLeaJICV1MGD6LprsBxcAqGjYyr0eY3p+QdsA+x/Irkt4Qif8D63+Sbw==}
    engines: {node: '>=0.10.0'}

  require-from-string@2.0.2:
    resolution: {integrity: sha512-Xf0nWe6RseziFMu+Ap9biiUbmplq6S9/p+7w7YXP/JBHhrUDDUhwa+vANyubuqfZWTveU//DYVGsDG7RKL/vEw==}
    engines: {node: '>=0.10.0'}

  scheduler@0.27.0:
    resolution: {integrity: sha512-eNv+WrVbKu1f3vbYJT/xtiF5syA5HPIMtf9IgY/nKg0sWqzAUEvqY/xm7OcZc/qafLx/iO9FgOmeSAp4v5ti/Q==}

  tailwind-merge@3.6.0:
    resolution: {integrity: sha512-uxL7qAVQriqRQPAyK3pj66VqskWqoZ37PW94jwOTwNfq/z9oyu1V+eqrZqtR2+fCiXdYOZe/Modt8GtvqNzu+w==}

snapshots:

  '@magicvr/schema-ui-lib@0.1.9':
    dependencies:
      clsx: 2.1.1
      tailwind-merge: 3.6.0

  '@magicvr/schema-ui-protocol@0.2.11':
    dependencies:
      ajv: 8.20.0

  '@magicvr/schema-ui-renderer@0.3.7': {}

  '@magicvr/schema-ui-shell@0.1.2(react-dom@19.2.8(react@19.2.8))(react@19.2.8)':
    dependencies:
      react: 19.2.8
      react-dom: 19.2.8(react@19.2.8)

  '@magicvr/schema-ui-theme@0.1.2': {}

  '@magicvr/schema-ui-ui@0.1.7(react@19.2.8)':
    dependencies:
      '@radix-ui/react-slot': 1.3.3(react@19.2.8)
      class-variance-authority: 0.7.1
      clsx: 2.1.1
      lucide-react: 0.525.0(react@19.2.8)
      tailwind-merge: 3.6.0
    transitivePeerDependencies:
      - '@types/react'
      - react

  '@radix-ui/react-compose-refs@1.1.5(react@19.2.8)':
    dependencies:
      react: 19.2.8

  '@radix-ui/react-slot@1.3.3(react@19.2.8)':
    dependencies:
      '@radix-ui/react-compose-refs': 1.1.5(react@19.2.8)
      react: 19.2.8

  ajv@8.20.0:
    dependencies:
      fast-deep-equal: 3.1.3
      fast-uri: 3.1.6
      json-schema-traverse: 1.0.0
      require-from-string: 2.0.2

  class-variance-authority@0.7.1:
    dependencies:
      clsx: 2.1.1

  clsx@2.1.1: {}

  fast-deep-equal@3.1.3: {}

  fast-uri@3.1.6: {}

  json-schema-traverse@1.0.0: {}

  lucide-react@0.525.0(react@19.2.8):
    dependencies:
      react: 19.2.8

  react-dom@19.2.8(react@19.2.8):
    dependencies:
      react: 19.2.8
      scheduler: 0.27.0

  react@19.2.8: {}

  require-from-string@2.0.2: {}

  scheduler@0.27.0: {}

  tailwind-merge@3.6.0: {}
